
Microsoft Visual Studio Solution File, Format Version 12.00
# Visual Studio Version 16
VisualStudioVersion = 16.0.29911.84
MinimumVisualStudioVersion = 10.0.40219.1
Project("{9A19103F-16F7-4668-BE54-9A1E7A4F7556}") = "Obras.Services", "Obras.Services\Obras.Services.csproj", "{1EC5AE62-04AF-444E-8A6C-ED6AEFF09813}"
EndProject
Project("{9A19103F-16F7-4668-BE54-9A1E7A4F7556}") = "Obras.Repositories", "Obras.Repositories\Obras.Repositories.csproj", "{B371BC4D-FD17-4970-8CA5-830BFE1B7931}"
EndProject
Project("{9A19103F-16F7-4668-BE54-9A1E7A4F7556}") = "Obras.Commom", "Obras.Commom\Obras.Commom.csproj", "{16FF68B1-67E7-45BB-A48C-A2C9C8057A69}"
EndProject
Project("{9A19103F-16F7-4668-BE54-9A1E7A4F7556}") = "Obras.Core", "Obras.Core\Obras.Core.csproj", "{430DDDAD-949E-4516-9D48-E70C5DF97D07}"
EndProject
Project("{9A19103F-16F7-4668-BE54-9A1E7A4F7556}") = "Obras.Core.Tests", "Obras.Tests\Obras.Core.Tests.csproj", "{4282AF18-32F0-4902-8545-A19DCA7107A3}"
EndProject
Global
	GlobalSection(SolutionConfigurationPlatforms) = preSolution
		Debug|Any CPU = Debug|Any CPU
		Release|Any CPU = Release|Any CPU
	EndGlobalSection
	GlobalSection(ProjectConfigurationPlatforms) = postSolution
		{1EC5AE62-04AF-444E-8A6C-ED6AEFF09813}.Debug|Any CPU.ActiveCfg = Debug|Any CPU
		{1EC5AE62-04AF-444E-8A6C-ED6AEFF09813}.Debug|Any CPU.Build.0 = Debug|Any CPU
		{1EC5AE62-04AF-444E-8A6C-ED6AEFF09813}.Release|Any CPU.ActiveCfg = Release|Any CPU
		{1EC5AE62-04AF-444E-8A6C-ED6AEFF09813}.Release|Any CPU.Build.0 = Release|Any CPU
		{B371BC4D-FD17-4970-8CA5-830BFE1B7931}.Debug|Any CPU.ActiveCfg = Debug|Any CPU
		{B371BC4D-FD17-4970-8CA5-830BFE1B7931}.Debug|Any CPU.Build.0 = Debug|Any CPU
		{B371BC4D-FD17-4970-8CA5-830BFE1B7931}.Release|Any CPU.ActiveCfg = Release|Any CPU
		{B371BC4D-FD17-4970-8CA5-830BFE1B7931}.Release|Any CPU.Build.0 = Release|Any CPU
		{16FF68B1-67E7-45BB-A48C-A2C9C8057A69}.Debug|Any CPU.ActiveCfg = Debug|Any CPU
		{16FF68B1-67E7-45BB-A48C-A2C9C8057A69}.Debug|Any CPU.Build.0 = Debug|Any CPU
		{16FF68B1-67E7-45BB-A48C-A2C9C8057A69}.Release|Any CPU.ActiveCfg = Release|Any CPU
		{16FF68B1-67E7-45BB-A48C-A2C9C8057A69}.Release|Any CPU.Build.0 = Release|Any CPU
		{430DDDAD-949E-4516-9D48-E70C5DF97D07}.Debug|Any CPU.ActiveCfg = Debug|Any CPU
		{430DDDAD-949E-4516-9D48-E70C5DF97D07}.Debug|Any CPU.Build.0 = Debug|Any CPU
		{430DDDAD-949E-4516-9D48-E70C5DF97D07}.Release|Any CPU.ActiveCfg = Release|Any CPU
		{430DDDAD-949E-4516-9D48-E70C5DF97D07}.Release|Any CPU.Build.0 = Release|Any CPU
		{4282AF18-32F0-4902-8545-A19DCA7107A3}.Debug|Any CPU.ActiveCfg = Debug|Any CPU
		{4282AF18-32F0-4902-8545-A19DCA7107A3}.Debug|Any CPU.Build.0 = Debug|Any CPU
		{4282AF18-32F0-4902-8545-A19DCA7107A3}.Release|Any CPU.ActiveCfg = Release|Any CPU
		{4282AF18-32F0-4902-8545-A19DCA7107A3}.Release|Any CPU.Build.0 = Release|Any CPU
	EndGlobalSection
	GlobalSection(SolutionProperties) = preSolution
		HideSolutionNode = FALSE
	EndGlobalSection
	GlobalSection(ExtensibilityGlobals) = postSolution
		SolutionGuid = {DEA0D95E-69D8-4320-A98B-D0451B3A016F}
	EndGlobalSection
EndGlobal
